
Microsoft Visual Studio Solution File, Format Version 12.00
# Visual Studio Version 17
VisualStudioVersion = 17.5.33414.496
MinimumVisualStudioVersion = 10.0.40219.1
Project("{9A19103F-16F7-4668-BE54-9A1E7A4F7556}") = "yield-return-smooth", "yield-return-smooth.csproj", "{D300401B-EBFC-4B77-BE19-A882FF7D6244}"
EndProject
Global
	GlobalSection(SolutionConfigurationPlatforms) = preSolution
		Debug|Any CPU = Debug|Any CPU
		Release|Any CPU = Release|Any CPU
	EndGlobalSection
	GlobalSection(ProjectConfigurationPlatforms) = postSolution
		{D300401B-EBFC-4B77-BE19-A882FF7D6244}.Debug|Any CPU.ActiveCfg = Debug|Any CPU
		{D300401B-EBFC-4B77-BE19-A882FF7D6244}.Debug|Any CPU.Build.0 = Debug|Any CPU
		{D300401B-EBFC-4B77-BE19-A882FF7D6244}.Release|Any CPU.ActiveCfg = Release|Any CPU
		{D300401B-EBFC-4B77-BE19-A882FF7D6244}.Release|Any CPU.Build.0 = Release|Any CPU
	EndGlobalSection
	GlobalSection(SolutionProperties) = preSolution
		HideSolutionNode = FALSE
	EndGlobalSection
	GlobalSection(ExtensibilityGlobals) = postSolution
		SolutionGuid = {2474F66A-B548-4FDB-AAFE-570F4B818EFE}
	EndGlobalSection
EndGlobal
